
Microsoft Visual Studio Solution File, Format Version 12.00
# Visual Studio Version 16
VisualStudioVersion = 16.0.31424.327
MinimumVisualStudioVersion = 10.0.40219.1
Project("{FAE04EC0-301F-11D3-BF4B-00C04F79EFBC}") = "TesteConsoleApp", "TesteConsoleApp\TesteConsoleApp.csproj", "{8C858B5B-039C-4EBC-9019-7982E5CAFEA1}"
EndProject
Global
	GlobalSection(SolutionConfigurationPlatforms) = preSolution
		Debug|Any CPU = Debug|Any CPU
		Release|Any CPU = Release|Any CPU
	EndGlobalSection
	GlobalSection(ProjectConfigurationPlatforms) = postSolution
		{8C858B5B-039C-4EBC-9019-7982E5CAFEA1}.Debug|Any CPU.ActiveCfg = Debug|Any CPU
		{8C858B5B-039C-4EBC-9019-7982E5CAFEA1}.Debug|Any CPU.Build.0 = Debug|Any CPU
		{8C858B5B-039C-4EBC-9019-7982E5CAFEA1}.Release|Any CPU.ActiveCfg = Release|Any CPU
		{8C858B5B-039C-4EBC-9019-7982E5CAFEA1}.Release|Any CPU.Build.0 = Release|Any CPU
	EndGlobalSection
	GlobalSection(SolutionProperties) = preSolution
		HideSolutionNode = FALSE
	EndGlobalSection
	GlobalSection(ExtensibilityGlobals) = postSolution
		SolutionGuid = {A6C80917-1602-45D7-A071-A0FB719F7898}
	EndGlobalSection
EndGlobal
